
Microsoft Visual Studio Solution File, Format Version 12.00
# Visual Studio Version 17
VisualStudioVersion = 17.3.32922.545
MinimumVisualStudioVersion = 10.0.40219.1
Project("{FAE04EC0-301F-11D3-BF4B-00C04F79EFBC}") = "slide-speaker-add-in", "slide-speaker-add-in\slide-speaker-add-in.csproj", "{02513BC6-E857-4653-92B7-00688C26496B}"
EndProject
Global
	GlobalSection(SolutionConfigurationPlatforms) = preSolution
		Debug Package|Any CPU = Debug Package|Any CPU
		Debug|Any CPU = Debug|Any CPU
		Release|Any CPU = Release|Any CPU
	EndGlobalSection
	GlobalSection(ProjectConfigurationPlatforms) = postSolution
		{02513BC6-E857-4653-92B7-00688C26496B}.Debug Package|Any CPU.ActiveCfg = Debug Package|Any CPU
		{02513BC6-E857-4653-92B7-00688C26496B}.Debug Package|Any CPU.Build.0 = Debug Package|Any CPU
		{02513BC6-E857-4653-92B7-00688C26496B}.Debug|Any CPU.ActiveCfg = Debug|Any CPU
		{02513BC6-E857-4653-92B7-00688C26496B}.Debug|Any CPU.Build.0 = Debug|Any CPU
		{02513BC6-E857-4653-92B7-00688C26496B}.Release|Any CPU.ActiveCfg = Release|Any CPU
		{02513BC6-E857-4653-92B7-00688C26496B}.Release|Any CPU.Build.0 = Release|Any CPU
	EndGlobalSection
	GlobalSection(SolutionProperties) = preSolution
		HideSolutionNode = FALSE
	EndGlobalSection
	GlobalSection(ExtensibilityGlobals) = postSolution
		SolutionGuid = {81B2A305-A71A-4B96-9E5C-B627C3ADD4BD}
	EndGlobalSection
EndGlobal
